
Microsoft Visual Studio Solution File, Format Version 12.00
Project("{FAE04EC0-301F-11D3-BF4B-00C04F79EFBC}") = "DockerModule", "DockerModule\DockerModule.csproj", "{CBAFB865-BCA7-4262-926A-C1F4E9816B1B}"
EndProject
Project("{FAE04EC0-301F-11D3-BF4B-00C04F79EFBC}") = "PostgresModule", "PostgresModule\PostgresModule.csproj", "{D4FDEC62-18CD-4429-A598-0B37874C977E}"
EndProject
Project("{FAE04EC0-301F-11D3-BF4B-00C04F79EFBC}") = "Orchestrator", "Orchestrator\Orchestrator.csproj", "{584CD4DD-8E10-4555-B0C4-3A889355D6E3}"
EndProject
Global
	GlobalSection(SolutionConfigurationPlatforms) = preSolution
		Debug|Any CPU = Debug|Any CPU
		Release|Any CPU = Release|Any CPU
	EndGlobalSection
	GlobalSection(ProjectConfigurationPlatforms) = postSolution
		{CBAFB865-BCA7-4262-926A-C1F4E9816B1B}.Debug|Any CPU.ActiveCfg = Debug|Any CPU
		{CBAFB865-BCA7-4262-926A-C1F4E9816B1B}.Debug|Any CPU.Build.0 = Debug|Any CPU
		{CBAFB865-BCA7-4262-926A-C1F4E9816B1B}.Release|Any CPU.ActiveCfg = Release|Any CPU
		{CBAFB865-BCA7-4262-926A-C1F4E9816B1B}.Release|Any CPU.Build.0 = Release|Any CPU
		{D4FDEC62-18CD-4429-A598-0B37874C977E}.Debug|Any CPU.ActiveCfg = Debug|Any CPU
		{D4FDEC62-18CD-4429-A598-0B37874C977E}.Debug|Any CPU.Build.0 = Debug|Any CPU
		{D4FDEC62-18CD-4429-A598-0B37874C977E}.Release|Any CPU.ActiveCfg = Release|Any CPU
		{D4FDEC62-18CD-4429-A598-0B37874C977E}.Release|Any CPU.Build.0 = Release|Any CPU
		{584CD4DD-8E10-4555-B0C4-3A889355D6E3}.Debug|Any CPU.ActiveCfg = Debug|Any CPU
		{584CD4DD-8E10-4555-B0C4-3A889355D6E3}.Debug|Any CPU.Build.0 = Debug|Any CPU
		{584CD4DD-8E10-4555-B0C4-3A889355D6E3}.Release|Any CPU.ActiveCfg = Release|Any CPU
		{584CD4DD-8E10-4555-B0C4-3A889355D6E3}.Release|Any CPU.Build.0 = Release|Any CPU
	EndGlobalSection
EndGlobal
